
Microsoft Visual Studio Solution File, Format Version 12.00
# Visual Studio Version 16
VisualStudioVersion = 16.0.29905.134
MinimumVisualStudioVersion = 10.0.40219.1
Project("{9A19103F-16F7-4668-BE54-9A1E7A4F7556}") = "VIToACS", "VIToACS.csproj", "{484313A8-E165-4E48-B784-CBAF413F075F}"
EndProject
Project("{2150E333-8FDC-42A3-9474-1A3956D46DE8}") = "Solution Items", "Solution Items", "{58C2F8F0-E668-4E77-816F-BF92750DCE09}"
	ProjectSection(SolutionItems) = preProject
		..\README.md = ..\README.md
	EndProjectSection
EndProject
Global
	GlobalSection(SolutionConfigurationPlatforms) = preSolution
		Debug|Any CPU = Debug|Any CPU
		Release|Any CPU = Release|Any CPU
	EndGlobalSection
	GlobalSection(ProjectConfigurationPlatforms) = postSolution
		{484313A8-E165-4E48-B784-CBAF413F075F}.Debug|Any CPU.ActiveCfg = Debug|Any CPU
		{484313A8-E165-4E48-B784-CBAF413F075F}.Debug|Any CPU.Build.0 = Debug|Any CPU
		{484313A8-E165-4E48-B784-CBAF413F075F}.Release|Any CPU.ActiveCfg = Release|Any CPU
		{484313A8-E165-4E48-B784-CBAF413F075F}.Release|Any CPU.Build.0 = Release|Any CPU
	EndGlobalSection
	GlobalSection(SolutionProperties) = preSolution
		HideSolutionNode = FALSE
	EndGlobalSection
	GlobalSection(ExtensibilityGlobals) = postSolution
		SolutionGuid = {586E4120-CB66-4696-B0CF-D267B2FDA476}
	EndGlobalSection
EndGlobal
